
Microsoft Visual Studio Solution File, Format Version 12.00
Project("{FAE04EC0-301F-11D3-BF4B-00C04F79EFBC}") = "IngvarKampradElmtarydAgunnaryd", "IngvarKampradElmtarydAgunnaryd\IngvarKampradElmtarydAgunnaryd.csproj", "{3DEAE486-C6DF-4844-A9DF-C4A42DFC4911}"
EndProject
Global
	GlobalSection(SolutionConfigurationPlatforms) = preSolution
		Debug|Any CPU = Debug|Any CPU
		Release|Any CPU = Release|Any CPU
	EndGlobalSection
	GlobalSection(ProjectConfigurationPlatforms) = postSolution
		{3DEAE486-C6DF-4844-A9DF-C4A42DFC4911}.Debug|Any CPU.ActiveCfg = Debug|Any CPU
		{3DEAE486-C6DF-4844-A9DF-C4A42DFC4911}.Debug|Any CPU.Build.0 = Debug|Any CPU
		{3DEAE486-C6DF-4844-A9DF-C4A42DFC4911}.Release|Any CPU.ActiveCfg = Release|Any CPU
		{3DEAE486-C6DF-4844-A9DF-C4A42DFC4911}.Release|Any CPU.Build.0 = Release|Any CPU
	EndGlobalSection
EndGlobal
